
Microsoft Visual Studio Solution File, Format Version 12.00
# Visual Studio Version 16
VisualStudioVersion = 16.0.29411.108
MinimumVisualStudioVersion = 10.0.40219.1
Project("{FAE04EC0-301F-11D3-BF4B-00C04F79EFBC}") = "BIOMETRIA_1", "BIOMETRIA_1\BIOMETRIA_1.csproj", "{1A4D4EA3-75BD-4B73-81CE-F17FA16D6151}"
EndProject
Global
	GlobalSection(SolutionConfigurationPlatforms) = preSolution
		Debug|Any CPU = Debug|Any CPU
		Release|Any CPU = Release|Any CPU
	EndGlobalSection
	GlobalSection(ProjectConfigurationPlatforms) = postSolution
		{1A4D4EA3-75BD-4B73-81CE-F17FA16D6151}.Debug|Any CPU.ActiveCfg = Debug|Any CPU
		{1A4D4EA3-75BD-4B73-81CE-F17FA16D6151}.Debug|Any CPU.Build.0 = Debug|Any CPU
		{1A4D4EA3-75BD-4B73-81CE-F17FA16D6151}.Release|Any CPU.ActiveCfg = Release|Any CPU
		{1A4D4EA3-75BD-4B73-81CE-F17FA16D6151}.Release|Any CPU.Build.0 = Release|Any CPU
	EndGlobalSection
	GlobalSection(SolutionProperties) = preSolution
		HideSolutionNode = FALSE
	EndGlobalSection
	GlobalSection(ExtensibilityGlobals) = postSolution
		SolutionGuid = {F916FD4D-3CD7-497A-8BFC-92C47E17ADA9}
	EndGlobalSection
EndGlobal
